
Microsoft Visual Studio Solution File, Format Version 12.00
# Visual Studio 2013
VisualStudioVersion = 12.0.30501.0
MinimumVisualStudioVersion = 10.0.40219.1
Project("{FAE04EC0-301F-11D3-BF4B-00C04F79EFBC}") = "HandlebarsTable", "HandlebarsTable\HandlebarsTable.csproj", "{B0B7638F-9B53-4A57-8138-294CF55FD12C}"
EndProject
Project("{FAE04EC0-301F-11D3-BF4B-00C04F79EFBC}") = "DynamicSelect", "DynamicSelect\DynamicSelect.csproj", "{7796B76F-B76E-40C1-8C26-32D66FFDC2F4}"
EndProject
Project("{FAE04EC0-301F-11D3-BF4B-00C04F79EFBC}") = "ListView", "ListView\ListView.csproj", "{1D0DD198-3A7C-46F1-9D51-4E150D13E858}"
EndProject
Global
	GlobalSection(SolutionConfigurationPlatforms) = preSolution
		Debug|Any CPU = Debug|Any CPU
		Release|Any CPU = Release|Any CPU
	EndGlobalSection
	GlobalSection(ProjectConfigurationPlatforms) = postSolution
		{B0B7638F-9B53-4A57-8138-294CF55FD12C}.Debug|Any CPU.ActiveCfg = Debug|Any CPU
		{B0B7638F-9B53-4A57-8138-294CF55FD12C}.Debug|Any CPU.Build.0 = Debug|Any CPU
		{B0B7638F-9B53-4A57-8138-294CF55FD12C}.Release|Any CPU.ActiveCfg = Release|Any CPU
		{B0B7638F-9B53-4A57-8138-294CF55FD12C}.Release|Any CPU.Build.0 = Release|Any CPU
		{7796B76F-B76E-40C1-8C26-32D66FFDC2F4}.Debug|Any CPU.ActiveCfg = Debug|Any CPU
		{7796B76F-B76E-40C1-8C26-32D66FFDC2F4}.Debug|Any CPU.Build.0 = Debug|Any CPU
		{7796B76F-B76E-40C1-8C26-32D66FFDC2F4}.Release|Any CPU.ActiveCfg = Release|Any CPU
		{7796B76F-B76E-40C1-8C26-32D66FFDC2F4}.Release|Any CPU.Build.0 = Release|Any CPU
		{1D0DD198-3A7C-46F1-9D51-4E150D13E858}.Debug|Any CPU.ActiveCfg = Debug|Any CPU
		{1D0DD198-3A7C-46F1-9D51-4E150D13E858}.Debug|Any CPU.Build.0 = Debug|Any CPU
		{1D0DD198-3A7C-46F1-9D51-4E150D13E858}.Release|Any CPU.ActiveCfg = Release|Any CPU
		{1D0DD198-3A7C-46F1-9D51-4E150D13E858}.Release|Any CPU.Build.0 = Release|Any CPU
	EndGlobalSection
	GlobalSection(SolutionProperties) = preSolution
		HideSolutionNode = FALSE
	EndGlobalSection
EndGlobal
